
Microsoft Visual Studio Solution File, Format Version 12.00
# Visual Studio Version 17
VisualStudioVersion = 17.14.36127.28 d17.14
MinimumVisualStudioVersion = 10.0.40219.1
Project("{FAE04EC0-301F-11D3-BF4B-00C04F79EFBC}") = "TerminalCalc", "TerminalCalc.csproj", "{B66B696A-0271-4BD6-907D-7E83D14E4987}"
EndProject
Global
	GlobalSection(SolutionConfigurationPlatforms) = preSolution
		Debug|Any CPU = Debug|Any CPU
		Release|Any CPU = Release|Any CPU
	EndGlobalSection
	GlobalSection(ProjectConfigurationPlatforms) = postSolution
		{B66B696A-0271-4BD6-907D-7E83D14E4987}.Debug|Any CPU.ActiveCfg = Debug|Any CPU
		{B66B696A-0271-4BD6-907D-7E83D14E4987}.Debug|Any CPU.Build.0 = Debug|Any CPU
		{B66B696A-0271-4BD6-907D-7E83D14E4987}.Release|Any CPU.ActiveCfg = Release|Any CPU
		{B66B696A-0271-4BD6-907D-7E83D14E4987}.Release|Any CPU.Build.0 = Release|Any CPU
	EndGlobalSection
	GlobalSection(SolutionProperties) = preSolution
		HideSolutionNode = FALSE
	EndGlobalSection
	GlobalSection(ExtensibilityGlobals) = postSolution
		SolutionGuid = {2630C598-441B-404E-B438-24F23DABEF4B}
	EndGlobalSection
EndGlobal
